# This file is automatically @generated by Poetry and should not be changed by hand.

[[package]]
name = "click"
version = "8.1.3"
description = "Composable command line interface toolkit"
category = "main"
optional = false
python-versions = ">=3.7"
files = [
    {file = "click-8.1.3-py3-none-any.whl", hash = "sha256:bb4d8133cb15a609f44e8213d9b391b0809795062913b383c62be0ee95b1db48"},
    {file = "click-8.1.3.tar.gz", hash = "sha256:7682dc8afb30297001674575ea00d1814d808d6a36af415a82bd481d37ba7b8e"},
]

[package.dependencies]
colorama = {version = "*", markers = "platform_system == \"Windows\""}

[[package]]
name = "colorama"
version = "0.4.6"
description = "Cross-platform colored terminal text."
category = "main"
optional = false
python-versions = "!=3.0.*,!=3.1.*,!=3.2.*,!=3.3.*,!=3.4.*,!=3.5.*,!=3.6.*,>=2.7"
files = [
    {file = "colorama-0.4.6-py2.py3-none-any.whl", hash = "sha256:4f1d9991f5acc0ca119f9d443620b77f9d6b33703e51011c16baf57afb285fc6"},
    {file = "colorama-0.4.6.tar.gz", hash = "sha256:08695f5cb7ed6e0531a20572697297273c47b8cae5a63ffc6d6ed5c201be6e44"},
]

[[package]]
name = "youtokentome"
version = "1.0.6"
description = "Unsupervised text tokenizer focused on computational efficiency"
category = "main"
optional = false
python-versions = ">=3.5.0"
files = [
    {file = "youtokentome-1.0.6-cp35-cp35m-macosx_10_14_intel.whl", hash = "sha256:e33bad29875ae44f5fd18bd61b80732ea0f878f7f9d6996441e8f32e7c82cea8"},
    {file = "youtokentome-1.0.6-cp35-cp35m-manylinux2010_x86_64.whl", hash = "sha256:ee002e897489dbddda93c8a41768bcdee0fce8cbd78f7bb6add24e925e354247"},
    {file = "youtokentome-1.0.6-cp36-cp36m-macosx_10_14_intel.whl", hash = "sha256:ff73d7d65dafab3c2d4d364e427e6569962ac78348065851b3ca862e93e708b4"},
    {file = "youtokentome-1.0.6-cp36-cp36m-manylinux2010_x86_64.whl", hash = "sha256:e313afe64980e92cc96acbab2497e533bf0c59e19aec2d6e281773895cc6f3bb"},
    {file = "youtokentome-1.0.6-cp37-cp37m-macosx_10_14_intel.whl", hash = "sha256:cb335650648a4958a9f4822d7debafcc09b93f0127f679531b39a0c290c3eebe"},
    {file = "youtokentome-1.0.6-cp37-cp37m-macosx_10_15_x86_64.whl", hash = "sha256:78a80c4ba2461e1db175604cc628b2a64fd974735a34016749545bbb8f4f2437"},
    {file = "youtokentome-1.0.6-cp37-cp37m-manylinux2010_x86_64.whl", hash = "sha256:9b6feccac4a6f514cac23ae2aeda1d61b42d88e26abf1a61a213b4f70b2ea01b"},
    {file = "youtokentome-1.0.6-cp38-cp38-macosx_10_14_x86_64.whl", hash = "sha256:9cd216302cc3791ac9a4e99c92d0403040f80c9afce3123a5b05f87583413a13"},
    {file = "youtokentome-1.0.6-cp38-cp38-manylinux2010_x86_64.whl", hash = "sha256:c45add7af8816ea457e33c3660b55a7615b570c40326690749833386280ee1ed"},
    {file = "youtokentome-1.0.6.tar.gz", hash = "sha256:2e72fc110b804c7d63a4a5b04335397c48d9d66773233455d7e571561a6e448f"},
]

[package.dependencies]
Click = ">=7.0"

[metadata]
lock-version = "2.0"
python-versions = "^3.10"
content-hash = "19602bbd6973dc309e1bc8c475b4b4af9ee0e66aeca5da89a3322e09d2c71b80"
